// !$*UTF8*$!
{
	archiveVersion = 1;
	classes = {
	};
	objectVersion = 46;
	objects = {

/* Begin PBXBuildFile section */
		A0BD4EA51C89175E00598176 /* AppDelegate.swift in Sources */ = {isa = PBXBuildFile; fileRef = A0BD4EA41C89175E00598176 /* AppDelegate.swift */; };
		A0BD4EA71C89175E00598176 /* ViewController.swift in Sources */ = {isa = PBXBuildFile; fileRef = A0BD4EA61C89175E00598176 /* ViewController.swift */; };
		A0BD4EAA1C89175E00598176 /* Main.storyboard in Resources */ = {isa = PBXBuildFile; fileRef = A0BD4EA81C89175E00598176 /* Main.storyboard */; };
		A0BD4EAC1C89175E00598176 /* Assets.xcassets in Resources */ = {isa = PBXBuildFile; fileRef = A0BD4EAB1C89175E00598176 /* Assets.xcassets */; };
		A0BD4EAF1C89175E00598176 /* LaunchScreen.storyboard in Resources */ = {isa = PBXBuildFile; fileRef = A0BD4EAD1C89175E00598176 /* LaunchScreen.storyboard */; };
/* End PBXBuildFile section */

/* Begin PBXFileReference section */
		A0BD4EA11C89175E00598176 /* GitDemoTH.app */ = {isa = PBXFileReference; explicitFileType = wrapper.application; includeInIndex = 0; path = GitDemoTH.app; sourceTree = BUILT_PRODUCTS_DIR; };
		A0BD4EA41C89175E00598176 /* AppDelegate.swift */ = {isa = PBXFileReference; lastKnownFileType = sourcecode.swift; path = AppDelegate.swift; sourceTree = "<group>"; };
		A0BD4EA61C89175E00598176 /* ViewController.swift */ = {isa = PBXFileReference; lastKnownFileType = sourcecode.swift; path = ViewController.swift; sourceTree = "<group>"; };
		A0BD4EA91C89175E00598176 /* Base */ = {isa = PBXFileReference; lastKnownFileType = file.storyboard; name = Base; path = Base.lproj/Main.storyboard; sourceTree = "<group>"; };
		A0BD4EAB1C89175E00598176 /* Assets.xcassets */ = {isa = PBXFileReference; lastKnownFileType = folder.assetcatalog; path = Assets.xcassets; sourceTree = "<group>"; };
		A0BD4EAE1C89175E00598176 /* Base */ = {isa = PBXFileReference; lastKnownFileType = file.storyboard; name = Base; path = Base.lproj/LaunchScreen.storyboard; sourceTree = "<group>"; };
		A0BD4EB01C89175E00598176 /* Info.plist */ = {isa = PBXFileReference; lastKnownFileType = text.plist.xml; path = Info.plist; sourceTree = "<group>"; };
/* End PBXFileReference section */

/* Begin PBXFrameworksBuildPhase section */
		A0BD4E9E1C89175E00598176 /* Frameworks */ = {
			isa = PBXFrameworksBuildPhase;
			buildActionMask = 2147483647;
			files = (
			);
			runOnlyForDeploymentPostprocessing = 0;
		};
/* End PBXFrameworksBuildPhase section */

/* Begin PBXGroup section */
		A0BD4E981C89175E00598176 = {
			isa = PBXGroup;
			children = (
				A0BD4EA31C89175E00598176 /* GitDemoTH */,
				A0BD4EA21C89175E00598176 /* Products */,
			);
			sourceTree = "<group>";
		};
		A0BD4EA21C89175E00598176 /* Products */ = {
			isa = PBXGroup;
			children = (
				A0BD4EA11C89175E00598176 /* GitDemoTH.app */,
			);
			name = Products;
			sourceTree = "<group>";
		};
		A0BD4EA31C89175E00598176 /* GitDemoTH */ = {
			isa = PBXGroup;
			children = (
				A0BD4EA41C89175E00598176 /* AppDelegate.swift */,
				A0BD4EA61C89175E00598176 /* ViewController.swift */,
				A0BD4EA81C89175E00598176 /* Main.storyboard */,
				A0BD4EAB1C89175E00598176 /* Assets.xcassets */,
				A0BD4EAD1C89175E00598176 /* LaunchScreen.storyboard */,
				A0BD4EB01C89175E00598176 /* Info.plist */,
			);
			path = GitDemoTH;
			sourceTree = "<group>";
		};
/* End PBXGroup section */

/* Begin PBXNativeTarget section */
		A0BD4EA01C89175E00598176 /* GitDemoTH */ = {
			isa = PBXNativeTarget;
			buildConfigurationList = A0BD4EB31C89175E00598176 /* Build configuration list for PBXNativeTarget "GitDemoTH" */;
			buildPhases = (
				A0BD4E9D1C89175E00598176 /* Sources */,
				A0BD4E9E1C89175E00598176 /* Frameworks */,
				A0BD4E9F1C89175E00598176 /* Resources */,
			);
			buildRules = (
			);
			dependencies = (
			);
			name = GitDemoTH;
			productName = GitDemoTH;
			productReference = A0BD4EA11C89175E00598176 /* GitDemoTH.app */;
			productType = "com.apple.product-type.application";
		};
/* End PBXNativeTarget section */

/* Begin PBXProject section */
		A0BD4E991C89175E00598176 /* Project object */ = {
			isa = PBXProject;
			attributes = {
				LastSwiftUpdateCheck = 0720;
				LastUpgradeCheck = 0720;
				ORGANIZATIONNAME = "Jim Corum";
				TargetAttributes = {
					A0BD4EA01C89175E00598176 = {
						CreatedOnToolsVersion = 7.2.1;
						DevelopmentTeam = 95AQ4NZ5SC;
					};
				};
			};
			buildConfigurationList = A0BD4E9C1C89175E00598176 /* Build configuration list for PBXProject "GitDemoTH" */;
			compatibilityVersion = "Xcode 3.2";
			developmentRegion = English;
			hasScannedForEncodings = 0;
			knownRegions = (
				en,
				Base,
			);
			mainGroup = A0BD4E981C89175E00598176;
			productRefGroup = A0BD4EA21C89175E00598176 /* Products */;
			projectDirPath = "";
			projectRoot = "";
			targets = (
				A0BD4EA01C89175E00598176 /* GitDemoTH */,
			);
		};
/* End PBXProject section */

/* Begin PBXResourcesBuildPhase section */
		A0BD4E9F1C89175E00598176 /* Resources */ = {
			isa = PBXResourcesBuildPhase;
			buildActionMask = 2147483647;
			files = (
				A0BD4EAF1C89175E00598176 /* LaunchScreen.storyboard in Resources */,
				A0BD4EAC1C89175E00598176 /* Assets.xcassets in Resources */,
				A0BD4EAA1C89175E00598176 /* Main.storyboard in Resources */,
			);
			runOnlyForDeploymentPostprocessing = 0;
		};
/* End PBXResourcesBuildPhase section */

/* Begin PBXSourcesBuildPhase section */
		A0BD4E9D1C89175E00598176 /* Sources */ = {
			isa = PBXSourcesBuildPhase;
			buildActionMask = 2147483647;
			files = (
				A0BD4EA71C89175E00598176 /* ViewController.swift in Sources */,
				A0BD4EA51C89175E00598176 /* AppDelegate.swift in Sources */,
			);
			runOnlyForDeploymentPostprocessing = 0;
		};
/* End PBXSourcesBuildPhase section */

/* Begin PBXVariantGroup section */
		A0BD4EA81C89175E00598176 /* Main.storyboard */ = {
			isa = PBXVariantGroup;
			children = (
				A0BD4EA91C89175E00598176 /* Base */,
			);
			name = Main.storyboard;
			sourceTree = "<group>";
		};
		A0BD4EAD1C89175E00598176 /* LaunchScreen.storyboard */ = {
			isa = PBXVariantGroup;
			children = (
				A0BD4EAE1C89175E00598176 /* Base */,
			);
			name = LaunchScreen.storyboard;
			sourceTree = "<group>";
		};
/* End PBXVariantGroup section */

/* Begin XCBuildConfiguration section */
		A0BD4EB11C89175E00598176 /* Debug */ = {
			isa = XCBuildConfiguration;
			buildSettings = {
				ALWAYS_SEARCH_USER_PATHS = NO;
				CLANG_CXX_LANGUAGE_STANDARD = "gnu++0x";
				CLANG_CXX_LIBRARY = "libc++";
				CLANG_ENABLE_MODULES = YES;
				CLANG_ENABLE_OBJC_ARC = YES;
				CLANG_WARN_BOOL_CONVERSION = YES;
				CLANG_WARN_CONSTANT_CONVERSION = YES;
				CLANG_WARN_DIRECT_OBJC_ISA_USAGE = YES_ERROR;
				CLANG_WARN_EMPTY_BODY = YES;
				CLANG_WARN_ENUM_CONVERSION = YES;
				CLANG_WARN_INT_CONVERSION = YES;
				CLANG_WARN_OBJC_ROOT_CLASS = YES_ERROR;
				CLANG_WARN_UNREACHABLE_CODE = YES;
				CLANG_WARN__DUPLICATE_METHOD_MATCH = YES;
				"CODE_SIGN_IDENTITY[sdk=iphoneos*]" = "iPhone Developer";
				COPY_PHASE_STRIP = NO;
				DEBUG_INFORMATION_FORMAT = dwarf;
				ENABLE_STRICT_OBJC_MSGSEND = YES;
				ENABLE_TESTABILITY = YES;
				GCC_C_LANGUAGE_STANDARD = gnu99;
				GCC_DYNAMIC_NO_PIC = NO;
				GCC_NO_COMMON_BLOCKS = YES;
				GCC_OPTIMIZATION_LEVEL = 0;
				GCC_PREPROCESSOR_DEFINITIONS = (
					"DEBUG=1",
					"$(inherited)",
				);
				GCC_WARN_64_TO_32_BIT_CONVERSION = YES;
				GCC_WARN_ABOUT_RETURN_TYPE = YES_ERROR;
				GCC_WARN_UNDECLARED_SELECTOR = YES;
				GCC_WARN_UNINITIALIZED_AUTOS = YES_AGGRESSIVE;
				GCC_WARN_UNUSED_FUNCTION = YES;
				GCC_WARN_UNUSED_VARIABLE = YES;
				IPHONEOS_DEPLOYMENT_TARGET = 9.2;
				MTL_ENABLE_DEBUG_INFO = YES;
				ONLY_ACTIVE_ARCH = YES;
				SDKROOT = iphoneos;
				SWIFT_OPTIMIZATION_LEVEL = "-Onone";
			};
			name = Debug;
		};
		A0BD4EB21C89175E00598176 /* Release */ = {
			isa = XCBuildConfiguration;
			buildSettings = {
				ALWAYS_SEARCH_USER_PATHS = NO;
				CLANG_CXX_LANGUAGE_STANDARD = "gnu++0x";
				CLANG_CXX_LIBRARY = "libc++";
				CLANG_ENABLE_MODULES = YES;
				CLANG_ENABLE_OBJC_ARC = YES;
				CLANG_WARN_BOOL_CONVERSION = YES;
				CLANG_WARN_CONSTANT_CONVERSION = YES;
				CLANG_WARN_DIRECT_OBJC_ISA_USAGE = YES_ERROR;
				CLANG_WARN_EMPTY_BODY = YES;
				CLANG_WARN_ENUM_CONVERSION = YES;
				CLANG_WARN_INT_CONVERSION = YES;
				CLANG_WARN_OBJC_ROOT_CLASS = YES_ERROR;
				CLANG_WARN_UNREACHABLE_CODE = YES;
				CLANG_WARN__DUPLICATE_METHOD_MATCH = YES;
				"CODE_SIGN_IDENTITY[sdk=iphoneos*]" = "iPhone Developer";
				COPY_PHASE_STRIP = NO;
				DEBUG_INFORMATION_FORMAT = "dwarf-with-dsym";
				ENABLE_NS_ASSERTIONS = NO;
				ENABLE_STRICT_OBJC_MSGSEND = YES;
				GCC_C_LANGUAGE_STANDARD = gnu99;
				GCC_NO_COMMON_BLOCKS = YES;
				GCC_WARN_64_TO_32_BIT_CONVERSION = YES;
				GCC_WARN_ABOUT_RETURN_TYPE = YES_ERROR;
				GCC_WARN_UNDECLARED_SELECTOR = YES;
				GCC_WARN_UNINITIALIZED_AUTOS = YES_AGGRESSIVE;
				GCC_WARN_UNUSED_FUNCTION = YES;
				GCC_WARN_UNUSED_VARIABLE = YES;
				IPHONEOS_DEPLOYMENT_TARGET = 9.2;
				MTL_ENABLE_DEBUG_INFO = NO;
				SDKROOT = iphoneos;
				VALIDATE_PRODUCT = YES;
			};
			name = Release;
		};
		A0BD4EB41C89175E00598176 /* Debug */ = {
			isa = XCBuildConfiguration;
			buildSettings = {
				ASSETCATALOG_COMPILER_APPICON_NAME = AppIcon;
				INFOPLIST_FILE = GitDemoTH/Info.plist;
				LD_RUNPATH_SEARCH_PATHS = "$(inherited) @executable_path/Frameworks";
				PRODUCT_BUNDLE_IDENTIFIER = com.jcorum.GitDemoTH;
				PRODUCT_NAME = "$(TARGET_NAME)";
			};
			name = Debug;
		};
		A0BD4EB51C89175E00598176 /* Release */ = {
			isa = XCBuildConfiguration;
			buildSettings = {
				ASSETCATALOG_COMPILER_APPICON_NAME = AppIcon;
				INFOPLIST_FILE = GitDemoTH/Info.plist;
				LD_RUNPATH_SEARCH_PATHS = "$(inherited) @executable_path/Frameworks";
				PRODUCT_BUNDLE_IDENTIFIER = com.jcorum.GitDemoTH;
				PRODUCT_NAME = "$(TARGET_NAME)";
			};
			name = Release;
		};
/* End XCBuildConfiguration section */

/* Begin XCConfigurationList section */
		A0BD4E9C1C89175E00598176 /* Build configuration list for PBXProject "GitDemoTH" */ = {
			isa = XCConfigurationList;
			buildConfigurations = (
				A0BD4EB11C89175E00598176 /* Debug */,
				A0BD4EB21C89175E00598176 /* Release */,
			);
			defaultConfigurationIsVisible = 0;
			defaultConfigurationName = Release;
		};
		A0BD4EB31C89175E00598176 /* Build configuration list for PBXNativeTarget "GitDemoTH" */ = {
			isa = XCConfigurationList;
			buildConfigurations = (
				A0BD4EB41C89175E00598176 /* Debug */,
				A0BD4EB51C89175E00598176 /* Release */,
			);
			defaultConfigurationIsVisible = 0;
		};
/* End XCConfigurationList section */
	};
	rootObject = A0BD4E991C89175E00598176 /* Project object */;
}
